
Microsoft Visual Studio Solution File, Format Version 12.00
# Visual Studio Version 17
VisualStudioVersion = 17.13.35806.99 d17.13
MinimumVisualStudioVersion = 10.0.40219.1
Project("{FAE04EC0-301F-11D3-BF4B-00C04F79EFBC}") = "NotApps", "NotApps\NotApps.csproj", "{2859DCF9-DA4C-4349-8094-F296DF17E7FB}"
EndProject
Global
	GlobalSection(SolutionConfigurationPlatforms) = preSolution
		Debug|Any CPU = Debug|Any CPU
		Release|Any CPU = Release|Any CPU
	EndGlobalSection
	GlobalSection(ProjectConfigurationPlatforms) = postSolution
		{2859DCF9-DA4C-4349-8094-F296DF17E7FB}.Debug|Any CPU.ActiveCfg = Debug|Any CPU
		{2859DCF9-DA4C-4349-8094-F296DF17E7FB}.Debug|Any CPU.Build.0 = Debug|Any CPU
		{2859DCF9-DA4C-4349-8094-F296DF17E7FB}.Release|Any CPU.ActiveCfg = Release|Any CPU
		{2859DCF9-DA4C-4349-8094-F296DF17E7FB}.Release|Any CPU.Build.0 = Release|Any CPU
	EndGlobalSection
	GlobalSection(SolutionProperties) = preSolution
		HideSolutionNode = FALSE
	EndGlobalSection
	GlobalSection(ExtensibilityGlobals) = postSolution
		SolutionGuid = {4AD78AA0-8625-44BC-8FF5-097BCD311F28}
	EndGlobalSection
EndGlobal
